
Microsoft Visual Studio Solution File, Format Version 12.00
# Visual Studio Version 17
VisualStudioVersion = 17.4.33213.308
MinimumVisualStudioVersion = 10.0.40219.1
Project("{9A19103F-16F7-4668-BE54-9A1E7A4F7556}") = "NTierArchitecture.Entities", "NTierArchitecture.Entities\NTierArchitecture.Entities.csproj", "{28121734-055A-40D7-80F0-BE5DD19730CD}"
EndProject
Project("{9A19103F-16F7-4668-BE54-9A1E7A4F7556}") = "NTierArchitecture.DataAccess", "NTierArchitecture.DataAccess\NTierArchitecture.DataAccess.csproj", "{BF120CF5-DD52-49CD-9FF5-07CCF372A90E}"
EndProject
Project("{FAE04EC0-301F-11D3-BF4B-00C04F79EFBC}") = "NTierArchitecture.Business", "NTierArchitecture.Business\NTierArchitecture.Business.csproj", "{EFB22E74-939F-46CA-8BFB-A865E7855DBA}"
EndProject
Project("{FAE04EC0-301F-11D3-BF4B-00C04F79EFBC}") = "NTierArchitecture.WebApi", "NTierArchitecture.WebApi\NTierArchitecture.WebApi.csproj", "{2725D8AB-452C-4192-92B0-F51456C14591}"
EndProject
Global
	GlobalSection(SolutionConfigurationPlatforms) = preSolution
		Debug|Any CPU = Debug|Any CPU
		Release|Any CPU = Release|Any CPU
	EndGlobalSection
	GlobalSection(ProjectConfigurationPlatforms) = postSolution
		{28121734-055A-40D7-80F0-BE5DD19730CD}.Debug|Any CPU.ActiveCfg = Debug|Any CPU
		{28121734-055A-40D7-80F0-BE5DD19730CD}.Debug|Any CPU.Build.0 = Debug|Any CPU
		{28121734-055A-40D7-80F0-BE5DD19730CD}.Release|Any CPU.ActiveCfg = Release|Any CPU
		{28121734-055A-40D7-80F0-BE5DD19730CD}.Release|Any CPU.Build.0 = Release|Any CPU
		{BF120CF5-DD52-49CD-9FF5-07CCF372A90E}.Debug|Any CPU.ActiveCfg = Debug|Any CPU
		{BF120CF5-DD52-49CD-9FF5-07CCF372A90E}.Debug|Any CPU.Build.0 = Debug|Any CPU
		{BF120CF5-DD52-49CD-9FF5-07CCF372A90E}.Release|Any CPU.ActiveCfg = Release|Any CPU
		{BF120CF5-DD52-49CD-9FF5-07CCF372A90E}.Release|Any CPU.Build.0 = Release|Any CPU
		{EFB22E74-939F-46CA-8BFB-A865E7855DBA}.Debug|Any CPU.ActiveCfg = Debug|Any CPU
		{EFB22E74-939F-46CA-8BFB-A865E7855DBA}.Debug|Any CPU.Build.0 = Debug|Any CPU
		{EFB22E74-939F-46CA-8BFB-A865E7855DBA}.Release|Any CPU.ActiveCfg = Release|Any CPU
		{EFB22E74-939F-46CA-8BFB-A865E7855DBA}.Release|Any CPU.Build.0 = Release|Any CPU
		{2725D8AB-452C-4192-92B0-F51456C14591}.Debug|Any CPU.ActiveCfg = Debug|Any CPU
		{2725D8AB-452C-4192-92B0-F51456C14591}.Debug|Any CPU.Build.0 = Debug|Any CPU
		{2725D8AB-452C-4192-92B0-F51456C14591}.Release|Any CPU.ActiveCfg = Release|Any CPU
		{2725D8AB-452C-4192-92B0-F51456C14591}.Release|Any CPU.Build.0 = Release|Any CPU
	EndGlobalSection
	GlobalSection(SolutionProperties) = preSolution
		HideSolutionNode = FALSE
	EndGlobalSection
	GlobalSection(ExtensibilityGlobals) = postSolution
		SolutionGuid = {9E5CF3CA-8C2B-41CB-834C-3DFF27BA997E}
	EndGlobalSection
EndGlobal
